version = 1
revision = 1
requires-python = ">=3.12"

[[package]]
name = "ai-novel-editor"
version = "0.1.0"
source = { virtual = "." }
dependencies = [
    { name = "fastapi" },
    { name = "httpx" },
    { name = "loguru" },
    { name = "openai" },
    { name = "pydantic" },
    { name = "python-dotenv" },
    { name = "python-multipart" },
    { name = "uvicorn" },
]

[package.metadata]
requires-dist = [
    { name = "fastapi", specifier = "==0.104.1" },
    { name = "httpx", specifier = ">=0.28.1" },
    { name = "loguru", specifier = ">=0.7.3" },
    { name = "openai", specifier = "==1.76" },
    { name = "pydantic", specifier = "==2.4.2" },
    { name = "python-dotenv", specifier = "==1.0.0" },
    { name = "python-multipart", specifier = "==0.0.6" },
    { name = "uvicorn", specifier = "==0.23.2" },
]

[[package]]
name = "annotated-types"
version = "0.7.0"
source = { registry = "https://pypi.org/simple" }
sdist = { url = "https://files.pythonhosted.org/packages/ee/67/531ea369ba64dcff5ec9c3402f9f51bf748cec26dde048a2f973a4eea7f5/annotated_types-0.7.0.tar.gz", hash = "sha256:aff07c09a53a08bc8cfccb9c85b05f1aa9a2a6f23728d790723543408344ce89", size = 16081 }
wheels = [
    { url = "https://files.pythonhosted.org/packages/78/b6/6307fbef88d9b5ee7421e68d78a9f162e0da4900bc5f5793f6d3d0e34fb8/annotated_types-0.7.0-py3-none-any.whl", hash = "sha256:1f02e8b43a8fbbc3f3e0d4f0f4bfc8131bcb4eebe8849b8e5c773f3a1c582a53", size = 13643 },
]

[[package]]
name = "anyio"
version = "3.7.1"
source = { registry = "https://pypi.org/simple" }
dependencies = [
    { name = "idna" },
    { name = "sniffio" },
]
sdist = { url = "https://files.pythonhosted.org/packages/28/99/2dfd53fd55ce9838e6ff2d4dac20ce58263798bd1a0dbe18b3a9af3fcfce/anyio-3.7.1.tar.gz", hash = "sha256:44a3c9aba0f5defa43261a8b3efb97891f2bd7d804e0e1f56419befa1adfc780", size = 142927 }
wheels = [
    { url = "https://files.pythonhosted.org/packages/19/24/44299477fe7dcc9cb58d0a57d5a7588d6af2ff403fdd2d47a246c91a3246/anyio-3.7.1-py3-none-any.whl", hash = "sha256:91dee416e570e92c64041bd18b900d1d6fa78dff7048769ce5ac5ddad004fbb5", size = 80896 },
]

[[package]]
name = "certifi"
version = "2025.4.26"
source = { registry = "https://pypi.org/simple" }
sdist = { url = "https://files.pythonhosted.org/packages/e8/9e/c05b3920a3b7d20d3d3310465f50348e5b3694f4f88c6daf736eef3024c4/certifi-2025.4.26.tar.gz", hash = "sha256:0a816057ea3cdefcef70270d2c515e4506bbc954f417fa5ade2021213bb8f0c6", size = 160705 }
wheels = [
    { url = "https://files.pythonhosted.org/packages/4a/7e/3db2bd1b1f9e95f7cddca6d6e75e2f2bd9f51b1246e546d88addca0106bd/certifi-2025.4.26-py3-none-any.whl", hash = "sha256:30350364dfe371162649852c63336a15c70c6510c2ad5015b21c2345311805f3", size = 159618 },
]

[[package]]
name = "click"
version = "8.1.8"
source = { registry = "https://pypi.org/simple" }
dependencies = [
    { name = "colorama", marker = "sys_platform == 'win32'" },
]
sdist = { url = "https://files.pythonhosted.org/packages/b9/2e/0090cbf739cee7d23781ad4b89a9894a41538e4fcf4c31dcdd705b78eb8b/click-8.1.8.tar.gz", hash = "sha256:ed53c9d8990d83c2a27deae68e4ee337473f6330c040a31d4225c9574d16096a", size = 226593 }
wheels = [
    { url = "https://files.pythonhosted.org/packages/7e/d4/7ebdbd03970677812aac39c869717059dbb71a4cfc033ca6e5221787892c/click-8.1.8-py3-none-any.whl", hash = "sha256:63c132bbbed01578a06712a2d1f497bb62d9c1c0d329b7903a866228027263b2", size = 98188 },
]

[[package]]
name = "colorama"
version = "0.4.6"
source = { registry = "https://pypi.org/simple" }
sdist = { url = "https://files.pythonhosted.org/packages/d8/53/6f443c9a4a8358a93a6792e2acffb9d9d5cb0a5cfd8802644b7b1c9a02e4/colorama-0.4.6.tar.gz", hash = "sha256:08695f5cb7ed6e0531a20572697297273c47b8cae5a63ffc6d6ed5c201be6e44", size = 27697 }
wheels = [
    { url = "https://files.pythonhosted.org/packages/d1/d6/3965ed04c63042e047cb6a3e6ed1a63a35087b6a609aa3a15ed8ac56c221/colorama-0.4.6-py2.py3-none-any.whl", hash = "sha256:4f1d9991f5acc0ca119f9d443620b77f9d6b33703e51011c16baf57afb285fc6", size = 25335 },
]

[[package]]
name = "distro"
version = "1.9.0"
source = { registry = "https://pypi.org/simple" }
sdist = { url = "https://files.pythonhosted.org/packages/fc/f8/98eea607f65de6527f8a2e8885fc8015d3e6f5775df186e443e0964a11c3/distro-1.9.0.tar.gz", hash = "sha256:2fa77c6fd8940f116ee1d6b94a2f90b13b5ea8d019b98bc8bafdcabcdd9bdbed", size = 60722 }
wheels = [
    { url = "https://files.pythonhosted.org/packages/12/b3/231ffd4ab1fc9d679809f356cebee130ac7daa00d6d6f3206dd4fd137e9e/distro-1.9.0-py3-none-any.whl", hash = "sha256:7bffd925d65168f85027d8da9af6bddab658135b840670a223589bc0c8ef02b2", size = 20277 },
]

[[package]]
name = "fastapi"
version = "0.104.1"
source = { registry = "https://pypi.org/simple" }
dependencies = [
    { name = "anyio" },
    { name = "pydantic" },
    { name = "starlette" },
    { name = "typing-extensions" },
]
sdist = { url = "https://files.pythonhosted.org/packages/d9/d8/002e0ba7cf848a981b3ee92aaf5aa396c5700b0d7dec5d060031432a87d8/fastapi-0.104.1.tar.gz", hash = "sha256:e5e4540a7c5e1dcfbbcf5b903c234feddcdcd881f191977a1c5dfd917487e7ae", size = 11295150 }
wheels = [
    { url = "https://files.pythonhosted.org/packages/f3/4f/0ce34195b63240b6693086496c9bab4ef23999112184399a3e88854c7674/fastapi-0.104.1-py3-none-any.whl", hash = "sha256:752dc31160cdbd0436bb93bad51560b57e525cbb1d4bbf6f4904ceee75548241", size = 92862 },
]

[[package]]
name = "h11"
version = "0.16.0"
source = { registry = "https://pypi.org/simple" }
sdist = { url = "https://files.pythonhosted.org/packages/01/ee/02a2c011bdab74c6fb3c75474d40b3052059d95df7e73351460c8588d963/h11-0.16.0.tar.gz", hash = "sha256:4e35b956cf45792e4caa5885e69fba00bdbc6ffafbfa020300e549b208ee5ff1", size = 101250 }
wheels = [
    { url = "https://files.pythonhosted.org/packages/04/4b/29cac41a4d98d144bf5f6d33995617b185d14b22401f75ca86f384e87ff1/h11-0.16.0-py3-none-any.whl", hash = "sha256:63cf8bbe7522de3bf65932fda1d9c2772064ffb3dae62d55932da54b31cb6c86", size = 37515 },
]

[[package]]
name = "httpcore"
version = "1.0.9"
source = { registry = "https://pypi.org/simple" }
dependencies = [
    { name = "certifi" },
    { name = "h11" },
]
sdist = { url = "https://files.pythonhosted.org/packages/06/94/82699a10bca87a5556c9c59b5963f2d039dbd239f25bc2a63907a05a14cb/httpcore-1.0.9.tar.gz", hash = "sha256:6e34463af53fd2ab5d807f399a9b45ea31c3dfa2276f15a2c3f00afff6e176e8", size = 85484 }
wheels = [
    { url = "https://files.pythonhosted.org/packages/7e/f5/f66802a942d491edb555dd61e3a9961140fd64c90bce1eafd741609d334d/httpcore-1.0.9-py3-none-any.whl", hash = "sha256:2d400746a40668fc9dec9810239072b40b4484b640a8c38fd654a024c7a1bf55", size = 78784 },
]

[[package]]
name = "httpx"
version = "0.28.1"
source = { registry = "https://pypi.org/simple" }
dependencies = [
    { name = "anyio" },
    { name = "certifi" },
    { name = "httpcore" },
    { name = "idna" },
]
sdist = { url = "https://files.pythonhosted.org/packages/b1/df/48c586a5fe32a0f01324ee087459e112ebb7224f646c0b5023f5e79e9956/httpx-0.28.1.tar.gz", hash = "sha256:75e98c5f16b0f35b567856f597f06ff2270a374470a5c2392242528e3e3e42fc", size = 141406 }
wheels = [
    { url = "https://files.pythonhosted.org/packages/2a/39/e50c7c3a983047577ee07d2a9e53faf5a69493943ec3f6a384bdc792deb2/httpx-0.28.1-py3-none-any.whl", hash = "sha256:d909fcccc110f8c7faf814ca82a9a4d816bc5a6dbfea25d6591d6985b8ba59ad", size = 73517 },
]

[[package]]
name = "idna"
version = "3.10"
source = { registry = "https://pypi.org/simple" }
sdist = { url = "https://files.pythonhosted.org/packages/f1/70/7703c29685631f5a7590aa73f1f1d3fa9a380e654b86af429e0934a32f7d/idna-3.10.tar.gz", hash = "sha256:12f65c9b470abda6dc35cf8e63cc574b1c52b11df2c86030af0ac09b01b13ea9", size = 190490 }
wheels = [
    { url = "https://files.pythonhosted.org/packages/76/c6/c88e154df9c4e1a2a66ccf0005a88dfb2650c1dffb6f5ce603dfbd452ce3/idna-3.10-py3-none-any.whl", hash = "sha256:946d195a0d259cbba61165e88e65941f16e9b36ea6ddb97f00452bae8b1287d3", size = 70442 },
]

[[package]]
name = "jiter"
version = "0.9.0"
source = { registry = "https://pypi.org/simple" }
sdist = { url = "https://files.pythonhosted.org/packages/1e/c2/e4562507f52f0af7036da125bb699602ead37a2332af0788f8e0a3417f36/jiter-0.9.0.tar.gz", hash = "sha256:aadba0964deb424daa24492abc3d229c60c4a31bfee205aedbf1acc7639d7893", size = 162604 }
wheels = [
    { url = "https://files.pythonhosted.org/packages/af/d7/c55086103d6f29b694ec79156242304adf521577530d9031317ce5338c59/jiter-0.9.0-cp312-cp312-macosx_10_12_x86_64.whl", hash = "sha256:7b46249cfd6c48da28f89eb0be3f52d6fdb40ab88e2c66804f546674e539ec11", size = 309203 },
    { url = "https://files.pythonhosted.org/packages/b0/01/f775dfee50beb420adfd6baf58d1c4d437de41c9b666ddf127c065e5a488/jiter-0.9.0-cp312-cp312-macosx_11_0_arm64.whl", hash = "sha256:609cf3c78852f1189894383cf0b0b977665f54cb38788e3e6b941fa6d982c00e", size = 319678 },
    { url = "https://files.pythonhosted.org/packages/ab/b8/09b73a793714726893e5d46d5c534a63709261af3d24444ad07885ce87cb/jiter-0.9.0-cp312-cp312-manylinux_2_17_aarch64.manylinux2014_aarch64.whl", hash = "sha256:d726a3890a54561e55a9c5faea1f7655eda7f105bd165067575ace6e65f80bb2", size = 341816 },
    { url = "https://files.pythonhosted.org/packages/35/6f/b8f89ec5398b2b0d344257138182cc090302854ed63ed9c9051e9c673441/jiter-0.9.0-cp312-cp312-manylinux_2_17_armv7l.manylinux2014_armv7l.whl", hash = "sha256:2e89dc075c1fef8fa9be219e249f14040270dbc507df4215c324a1839522ea75", size = 364152 },
    { url = "https://files.pythonhosted.org/packages/9b/ca/978cc3183113b8e4484cc7e210a9ad3c6614396e7abd5407ea8aa1458eef/jiter-0.9.0-cp312-cp312-manylinux_2_17_ppc64le.manylinux2014_ppc64le.whl", hash = "sha256:04e8ffa3c353b1bc4134f96f167a2082494351e42888dfcf06e944f2729cbe1d", size = 406991 },
    { url = "https://files.pythonhosted.org/packages/13/3a/72861883e11a36d6aa314b4922125f6ae90bdccc225cd96d24cc78a66385/jiter-0.9.0-cp312-cp312-manylinux_2_17_s390x.manylinux2014_s390x.whl", hash = "sha256:203f28a72a05ae0e129b3ed1f75f56bc419d5f91dfacd057519a8bd137b00c42", size = 395824 },
    { url = "https://files.pythonhosted.org/packages/87/67/22728a86ef53589c3720225778f7c5fdb617080e3deaed58b04789418212/jiter-0.9.0-cp312-cp312-manylinux_2_17_x86_64.manylinux2014_x86_64.whl", hash = "sha256:fca1a02ad60ec30bb230f65bc01f611c8608b02d269f998bc29cca8619a919dc", size = 351318 },
    { url = "https://files.pythonhosted.org/packages/69/b9/f39728e2e2007276806d7a6609cda7fac44ffa28ca0d02c49a4f397cc0d9/jiter-0.9.0-cp312-cp312-manylinux_2_5_i686.manylinux1_i686.whl", hash = "sha256:237e5cee4d5d2659aaf91bbf8ec45052cc217d9446070699441a91b386ae27dc", size = 384591 },
    { url = "https://files.pythonhosted.org/packages/eb/8f/8a708bc7fd87b8a5d861f1c118a995eccbe6d672fe10c9753e67362d0dd0/jiter-0.9.0-cp312-cp312-musllinux_1_1_aarch64.whl", hash = "sha256:528b6b71745e7326eed73c53d4aa57e2a522242320b6f7d65b9c5af83cf49b6e", size = 520746 },
    { url = "https://files.pythonhosted.org/packages/95/1e/65680c7488bd2365dbd2980adaf63c562d3d41d3faac192ebc7ef5b4ae25/jiter-0.9.0-cp312-cp312-musllinux_1_1_x86_64.whl", hash = "sha256:9f48e86b57bc711eb5acdfd12b6cb580a59cc9a993f6e7dcb6d8b50522dcd50d", size = 512754 },
    { url = "https://files.pythonhosted.org/packages/78/f3/fdc43547a9ee6e93c837685da704fb6da7dba311fc022e2766d5277dfde5/jiter-0.9.0-cp312-cp312-win32.whl", hash = "sha256:699edfde481e191d81f9cf6d2211debbfe4bd92f06410e7637dffb8dd5dfde06", size = 207075 },
    { url = "https://files.pythonhosted.org/packages/cd/9d/742b289016d155f49028fe1bfbeb935c9bf0ffeefdf77daf4a63a42bb72b/jiter-0.9.0-cp312-cp312-win_amd64.whl", hash = "sha256:099500d07b43f61d8bd780466d429c45a7b25411b334c60ca875fa775f68ccb0", size = 207999 },
    { url = "https://files.pythonhosted.org/packages/e7/1b/4cd165c362e8f2f520fdb43245e2b414f42a255921248b4f8b9c8d871ff1/jiter-0.9.0-cp313-cp313-macosx_10_12_x86_64.whl", hash = "sha256:2764891d3f3e8b18dce2cff24949153ee30c9239da7c00f032511091ba688ff7", size = 308197 },
    { url = "https://files.pythonhosted.org/packages/13/aa/7a890dfe29c84c9a82064a9fe36079c7c0309c91b70c380dc138f9bea44a/jiter-0.9.0-cp313-cp313-macosx_11_0_arm64.whl", hash = "sha256:387b22fbfd7a62418d5212b4638026d01723761c75c1c8232a8b8c37c2f1003b", size = 318160 },
    { url = "https://files.pythonhosted.org/packages/6a/38/5888b43fc01102f733f085673c4f0be5a298f69808ec63de55051754e390/jiter-0.9.0-cp313-cp313-manylinux_2_17_aarch64.manylinux2014_aarch64.whl", hash = "sha256:40d8da8629ccae3606c61d9184970423655fb4e33d03330bcdfe52d234d32f69", size = 341259 },
    { url = "https://files.pythonhosted.org/packages/3d/5e/bbdbb63305bcc01006de683b6228cd061458b9b7bb9b8d9bc348a58e5dc2/jiter-0.9.0-cp313-cp313-manylinux_2_17_armv7l.manylinux2014_armv7l.whl", hash = "sha256:a1be73d8982bdc278b7b9377426a4b44ceb5c7952073dd7488e4ae96b88e1103", size = 363730 },
    { url = "https://files.pythonhosted.org/packages/75/85/53a3edc616992fe4af6814c25f91ee3b1e22f7678e979b6ea82d3bc0667e/jiter-0.9.0-cp313-cp313-manylinux_2_17_ppc64le.manylinux2014_ppc64le.whl", hash = "sha256:2228eaaaa111ec54b9e89f7481bffb3972e9059301a878d085b2b449fbbde635", size = 405126 },
    { url = "https://files.pythonhosted.org/packages/ae/b3/1ee26b12b2693bd3f0b71d3188e4e5d817b12e3c630a09e099e0a89e28fa/jiter-0.9.0-cp313-cp313-manylinux_2_17_s390x.manylinux2014_s390x.whl", hash = "sha256:11509bfecbc319459647d4ac3fd391d26fdf530dad00c13c4dadabf5b81f01a4", size = 393668 },
    { url = "https://files.pythonhosted.org/packages/11/87/e084ce261950c1861773ab534d49127d1517b629478304d328493f980791/jiter-0.9.0-cp313-cp313-manylinux_2_17_x86_64.manylinux2014_x86_64.whl", hash = "sha256:3f22238da568be8bbd8e0650e12feeb2cfea15eda4f9fc271d3b362a4fa0604d", size = 352350 },
    { url = "https://files.pythonhosted.org/packages/f0/06/7dca84b04987e9df563610aa0bc154ea176e50358af532ab40ffb87434df/jiter-0.9.0-cp313-cp313-manylinux_2_5_i686.manylinux1_i686.whl", hash = "sha256:17f5d55eb856597607562257c8e36c42bc87f16bef52ef7129b7da11afc779f3", size = 384204 },
    { url = "https://files.pythonhosted.org/packages/16/2f/82e1c6020db72f397dd070eec0c85ebc4df7c88967bc86d3ce9864148f28/jiter-0.9.0-cp313-cp313-musllinux_1_1_aarch64.whl", hash = "sha256:6a99bed9fbb02f5bed416d137944419a69aa4c423e44189bc49718859ea83bc5", size = 520322 },
    { url = "https://files.pythonhosted.org/packages/36/fd/4f0cd3abe83ce208991ca61e7e5df915aa35b67f1c0633eb7cf2f2e88ec7/jiter-0.9.0-cp313-cp313-musllinux_1_1_x86_64.whl", hash = "sha256:e057adb0cd1bd39606100be0eafe742de2de88c79df632955b9ab53a086b3c8d", size = 512184 },
    { url = "https://files.pythonhosted.org/packages/a0/3c/8a56f6d547731a0b4410a2d9d16bf39c861046f91f57c98f7cab3d2aa9ce/jiter-0.9.0-cp313-cp313-win32.whl", hash = "sha256:f7e6850991f3940f62d387ccfa54d1a92bd4bb9f89690b53aea36b4364bcab53", size = 206504 },
    { url = "https://files.pythonhosted.org/packages/f4/1c/0c996fd90639acda75ed7fa698ee5fd7d80243057185dc2f63d4c1c9f6b9/jiter-0.9.0-cp313-cp313-win_amd64.whl", hash = "sha256:c8ae3bf27cd1ac5e6e8b7a27487bf3ab5f82318211ec2e1346a5b058756361f7", size = 204943 },
    { url = "https://files.pythonhosted.org/packages/78/0f/77a63ca7aa5fed9a1b9135af57e190d905bcd3702b36aca46a01090d39ad/jiter-0.9.0-cp313-cp313t-macosx_11_0_arm64.whl", hash = "sha256:f0b2827fb88dda2cbecbbc3e596ef08d69bda06c6f57930aec8e79505dc17001", size = 317281 },
    { url = "https://files.pythonhosted.org/packages/f9/39/a3a1571712c2bf6ec4c657f0d66da114a63a2e32b7e4eb8e0b83295ee034/jiter-0.9.0-cp313-cp313t-manylinux_2_17_x86_64.manylinux2014_x86_64.whl", hash = "sha256:062b756ceb1d40b0b28f326cba26cfd575a4918415b036464a52f08632731e5a", size = 350273 },
    { url = "https://files.pythonhosted.org/packages/ee/47/3729f00f35a696e68da15d64eb9283c330e776f3b5789bac7f2c0c4df209/jiter-0.9.0-cp313-cp313t-win_amd64.whl", hash = "sha256:6f7838bc467ab7e8ef9f387bd6de195c43bad82a569c1699cb822f6609dd4cdf", size = 206867 },
]

[[package]]
name = "loguru"
version = "0.7.3"
source = { registry = "https://pypi.org/simple" }
dependencies = [
    { name = "colorama", marker = "sys_platform == 'win32'" },
    { name = "win32-setctime", marker = "sys_platform == 'win32'" },
]
sdist = { url = "https://files.pythonhosted.org/packages/3a/05/a1dae3dffd1116099471c643b8924f5aa6524411dc6c63fdae648c4f1aca/loguru-0.7.3.tar.gz", hash = "sha256:19480589e77d47b8d85b2c827ad95d49bf31b0dcde16593892eb51dd18706eb6", size = 63559 }
wheels = [
    { url = "https://files.pythonhosted.org/packages/0c/29/0348de65b8cc732daa3e33e67806420b2ae89bdce2b04af740289c5c6c8c/loguru-0.7.3-py3-none-any.whl", hash = "sha256:31a33c10c8e1e10422bfd431aeb5d351c7cf7fa671e3c4df004162264b28220c", size = 61595 },
]

[[package]]
name = "openai"
version = "1.76.0"
source = { registry = "https://pypi.org/simple" }
dependencies = [
    { name = "anyio" },
    { name = "distro" },
    { name = "httpx" },
    { name = "jiter" },
    { name = "pydantic" },
    { name = "sniffio" },
    { name = "tqdm" },
    { name = "typing-extensions" },
]
sdist = { url = "https://files.pythonhosted.org/packages/84/51/817969ec969b73d8ddad085670ecd8a45ef1af1811d8c3b8a177ca4d1309/openai-1.76.0.tar.gz", hash = "sha256:fd2bfaf4608f48102d6b74f9e11c5ecaa058b60dad9c36e409c12477dfd91fb2", size = 434660 }
wheels = [
    { url = "https://files.pythonhosted.org/packages/59/aa/84e02ab500ca871eb8f62784426963a1c7c17a72fea3c7f268af4bbaafa5/openai-1.76.0-py3-none-any.whl", hash = "sha256:a712b50e78cf78e6d7b2a8f69c4978243517c2c36999756673e07a14ce37dc0a", size = 661201 },
]

[[package]]
name = "pydantic"
version = "2.4.2"
source = { registry = "https://pypi.org/simple" }
dependencies = [
    { name = "annotated-types" },
    { name = "pydantic-core" },
    { name = "typing-extensions" },
]
sdist = { url = "https://files.pythonhosted.org/packages/df/e8/4f94ebd6972eff3babcea695d9634a4d60bea63955b9a4a413ec2fd3dd41/pydantic-2.4.2.tar.gz", hash = "sha256:94f336138093a5d7f426aac732dcfe7ab4eb4da243c88f891d65deb4a2556ee7", size = 654020 }
wheels = [
    { url = "https://files.pythonhosted.org/packages/73/66/0a72c9fcde42e5650c8d8d5c5c1873b9a3893018020c77ca8eb62708b923/pydantic-2.4.2-py3-none-any.whl", hash = "sha256:bc3ddf669d234f4220e6e1c4d96b061abe0998185a8d7855c0126782b7abc8c1", size = 395759 },
]

[[package]]
name = "pydantic-core"
version = "2.10.1"
source = { registry = "https://pypi.org/simple" }
dependencies = [
    { name = "typing-extensions" },
]
sdist = { url = "https://files.pythonhosted.org/packages/af/31/8e466c6ed47cddf23013d2f2ccf3fdb5b908ffa1d5c444150c41690d6eca/pydantic_core-2.10.1.tar.gz", hash = "sha256:0f8682dbdd2f67f8e1edddcbffcc29f60a6182b4901c367fc8c1c40d30bb0a82", size = 347316 }
wheels = [
    { url = "https://files.pythonhosted.org/packages/1e/5c/8e9256d3e72f0f2f213287bd08753a0fded4164f907f5e0232269b548bc2/pydantic_core-2.10.1-cp312-cp312-macosx_10_7_x86_64.whl", hash = "sha256:b1f22a9ab44de5f082216270552aa54259db20189e68fc12484873d926426921", size = 1853713 },
    { url = "https://files.pythonhosted.org/packages/7e/32/0f8afe171b96c264d2c3bbf7986763699edc7f1156265f1170cb9d978155/pydantic_core-2.10.1-cp312-cp312-macosx_11_0_arm64.whl", hash = "sha256:8572cadbf4cfa95fb4187775b5ade2eaa93511f07947b38f4cd67cf10783b118", size = 1713044 },
    { url = "https://files.pythonhosted.org/packages/bc/45/bf9598373902a270955850dccb365f8a9706c11356e2d4a087fe47cbb93d/pydantic_core-2.10.1-cp312-cp312-manylinux_2_17_aarch64.manylinux2014_aarch64.whl", hash = "sha256:db9a28c063c7c00844ae42a80203eb6d2d6bbb97070cfa00194dff40e6f545ab", size = 1809823 },
    { url = "https://files.pythonhosted.org/packages/c5/68/5ae011884f1e8eda0bd56db36a021b79891da9f10d64152b569e2a76bdd6/pydantic_core-2.10.1-cp312-cp312-manylinux_2_17_armv7l.manylinux2014_armv7l.whl", hash = "sha256:0e2a35baa428181cb2270a15864ec6286822d3576f2ed0f4cd7f0c1708472aff", size = 1848858 },
    { url = "https://files.pythonhosted.org/packages/a2/38/0d848085c1e70ac83ea34a6798eb3e0d5f28c9659f88222a89c71c480cc9/pydantic_core-2.10.1-cp312-cp312-manylinux_2_17_ppc64le.manylinux2014_ppc64le.whl", hash = "sha256:05560ab976012bf40f25d5225a58bfa649bb897b87192a36c6fef1ab132540d7", size = 1980482 },
    { url = "https://files.pythonhosted.org/packages/2f/4d/212cac1a005bb34bc24ca13469c062fb96e5efd2683999acca4a23f10b75/pydantic_core-2.10.1-cp312-cp312-manylinux_2_17_s390x.manylinux2014_s390x.whl", hash = "sha256:d6495008733c7521a89422d7a68efa0a0122c99a5861f06020ef5b1f51f9ba7c", size = 2882280 },
    { url = "https://files.pythonhosted.org/packages/53/ff/c76665d6724f556e81e6bbedd8a0966be84cea838c2f29249cef5140cbed/pydantic_core-2.10.1-cp312-cp312-manylinux_2_17_x86_64.manylinux2014_x86_64.whl", hash = "sha256:14ac492c686defc8e6133e3a2d9eaf5261b3df26b8ae97450c1647286750b901", size = 2007469 },
    { url = "https://files.pythonhosted.org/packages/46/d2/29a7aaa07340d3f5509065167f33ff4241c9b9f1496ce326434a8ebf8d7d/pydantic_core-2.10.1-cp312-cp312-manylinux_2_5_i686.manylinux1_i686.whl", hash = "sha256:8282bab177a9a3081fd3d0a0175a07a1e2bfb7fcbbd949519ea0980f8a07144d", size = 1924720 },
    { url = "https://files.pythonhosted.org/packages/fd/a5/6b9eca1da69b6c51442422d8fcc8453c838a712c01fbedf260e2b0124203/pydantic_core-2.10.1-cp312-cp312-musllinux_1_1_aarch64.whl", hash = "sha256:aafdb89fdeb5fe165043896817eccd6434aee124d5ee9b354f92cd574ba5e78f", size = 1970407 },
    { url = "https://files.pythonhosted.org/packages/b9/b6/c13996fe8881ee4ec4e0e41006d6fbd98d346ff4dfa1972c94a15dcb19df/pydantic_core-2.10.1-cp312-cp312-musllinux_1_1_x86_64.whl", hash = "sha256:f6defd966ca3b187ec6c366604e9296f585021d922e666b99c47e78738b5666c", size = 2126130 },
    { url = "https://files.pythonhosted.org/packages/49/53/c8efc99c928083e2338628adfa1d6985ec622a0b348247611406a77640f2/pydantic_core-2.10.1-cp312-none-win32.whl", hash = "sha256:7c4d1894fe112b0864c1fa75dffa045720a194b227bed12f4be7f6045b25209f", size = 1753464 },
    { url = "https://files.pythonhosted.org/packages/a4/5e/f8436267bb9a35099a75237325107beb640a5a8c8b718492381e9b836719/pydantic_core-2.10.1-cp312-none-win_amd64.whl", hash = "sha256:5994985da903d0b8a08e4935c46ed8daf5be1cf217489e673910951dc533d430", size = 1995229 },
    { url = "https://files.pythonhosted.org/packages/1e/3f/86b9209f6a68a28a90327aed12a3cd62f0c124bf9186d294de3c5b90b935/pydantic_core-2.10.1-cp312-none-win_arm64.whl", hash = "sha256:0d8a8adef23d86d8eceed3e32e9cca8879c7481c183f84ed1a8edc7df073af94", size = 1826418 },
]

[[package]]
name = "python-dotenv"
version = "1.0.0"
source = { registry = "https://pypi.org/simple" }
sdist = { url = "https://files.pythonhosted.org/packages/31/06/1ef763af20d0572c032fa22882cfbfb005fba6e7300715a37840858c919e/python-dotenv-1.0.0.tar.gz", hash = "sha256:a8df96034aae6d2d50a4ebe8216326c61c3eb64836776504fcca410e5937a3ba", size = 37399 }
wheels = [
    { url = "https://files.pythonhosted.org/packages/44/2f/62ea1c8b593f4e093cc1a7768f0d46112107e790c3e478532329e434f00b/python_dotenv-1.0.0-py3-none-any.whl", hash = "sha256:f5971a9226b701070a4bf2c38c89e5a3f0d64de8debda981d1db98583009122a", size = 19482 },
]

[[package]]
name = "python-multipart"
version = "0.0.6"
source = { registry = "https://pypi.org/simple" }
sdist = { url = "https://files.pythonhosted.org/packages/2d/23/abcfad10c3348cb6358400f8adbc21b523bbc6c954494fd0974428068672/python_multipart-0.0.6.tar.gz", hash = "sha256:e9925a80bb668529f1b67c7fdb0a5dacdd7cbfc6fb0bff3ea443fe22bdd62132", size = 31024 }
wheels = [
    { url = "https://files.pythonhosted.org/packages/b4/ff/b1e11d8bffb5e0e1b6d27f402eeedbeb9be6df2cdbc09356a1ae49806dbf/python_multipart-0.0.6-py3-none-any.whl", hash = "sha256:ee698bab5ef148b0a760751c261902cd096e57e10558e11aca17646b74ee1c18", size = 45711 },
]

[[package]]
name = "sniffio"
version = "1.3.1"
source = { registry = "https://pypi.org/simple" }
sdist = { url = "https://files.pythonhosted.org/packages/a2/87/a6771e1546d97e7e041b6ae58d80074f81b7d5121207425c964ddf5cfdbd/sniffio-1.3.1.tar.gz", hash = "sha256:f4324edc670a0f49750a81b895f35c3adb843cca46f0530f79fc1babb23789dc", size = 20372 }
wheels = [
    { url = "https://files.pythonhosted.org/packages/e9/44/75a9c9421471a6c4805dbf2356f7c181a29c1879239abab1ea2cc8f38b40/sniffio-1.3.1-py3-none-any.whl", hash = "sha256:2f6da418d1f1e0fddd844478f41680e794e6051915791a034ff65e5f100525a2", size = 10235 },
]

[[package]]
name = "starlette"
version = "0.27.0"
source = { registry = "https://pypi.org/simple" }
dependencies = [
    { name = "anyio" },
]
sdist = { url = "https://files.pythonhosted.org/packages/06/68/559bed5484e746f1ab2ebbe22312f2c25ec62e4b534916d41a8c21147bf8/starlette-0.27.0.tar.gz", hash = "sha256:6a6b0d042acb8d469a01eba54e9cda6cbd24ac602c4cd016723117d6a7e73b75", size = 51394 }
wheels = [
    { url = "https://files.pythonhosted.org/packages/58/f8/e2cca22387965584a409795913b774235752be4176d276714e15e1a58884/starlette-0.27.0-py3-none-any.whl", hash = "sha256:918416370e846586541235ccd38a474c08b80443ed31c578a418e2209b3eef91", size = 66978 },
]

[[package]]
name = "tqdm"
version = "4.67.1"
source = { registry = "https://pypi.org/simple" }
dependencies = [
    { name = "colorama", marker = "sys_platform == 'win32'" },
]
sdist = { url = "https://files.pythonhosted.org/packages/a8/4b/29b4ef32e036bb34e4ab51796dd745cdba7ed47ad142a9f4a1eb8e0c744d/tqdm-4.67.1.tar.gz", hash = "sha256:f8aef9c52c08c13a65f30ea34f4e5aac3fd1a34959879d7e59e63027286627f2", size = 169737 }
wheels = [
    { url = "https://files.pythonhosted.org/packages/d0/30/dc54f88dd4a2b5dc8a0279bdd7270e735851848b762aeb1c1184ed1f6b14/tqdm-4.67.1-py3-none-any.whl", hash = "sha256:26445eca388f82e72884e0d580d5464cd801a3ea01e63e5601bdff9ba6a48de2", size = 78540 },
]

[[package]]
name = "typing-extensions"
version = "4.13.2"
source = { registry = "https://pypi.org/simple" }
sdist = { url = "https://files.pythonhosted.org/packages/f6/37/23083fcd6e35492953e8d2aaaa68b860eb422b34627b13f2ce3eb6106061/typing_extensions-4.13.2.tar.gz", hash = "sha256:e6c81219bd689f51865d9e372991c540bda33a0379d5573cddb9a3a23f7caaef", size = 106967 }
wheels = [
    { url = "https://files.pythonhosted.org/packages/8b/54/b1ae86c0973cc6f0210b53d508ca3641fb6d0c56823f288d108bc7ab3cc8/typing_extensions-4.13.2-py3-none-any.whl", hash = "sha256:a439e7c04b49fec3e5d3e2beaa21755cadbbdc391694e28ccdd36ca4a1408f8c", size = 45806 },
]

[[package]]
name = "uvicorn"
version = "0.23.2"
source = { registry = "https://pypi.org/simple" }
dependencies = [
    { name = "click" },
    { name = "h11" },
]
sdist = { url = "https://files.pythonhosted.org/packages/4c/b3/aa7eb8367959623eef0527f876e371f1ac5770a3b31d3d6db34337b795e6/uvicorn-0.23.2.tar.gz", hash = "sha256:4d3cc12d7727ba72b64d12d3cc7743124074c0a69f7b201512fc50c3e3f1569a", size = 40034 }
wheels = [
    { url = "https://files.pythonhosted.org/packages/79/96/b0882a1c3f7ef3dd86879e041212ae5b62b4bd352320889231cc735a8e8f/uvicorn-0.23.2-py3-none-any.whl", hash = "sha256:1f9be6558f01239d4fdf22ef8126c39cb1ad0addf76c40e760549d2c2f43ab53", size = 59544 },
]

[[package]]
name = "win32-setctime"
version = "1.2.0"
source = { registry = "https://pypi.org/simple" }
sdist = { url = "https://files.pythonhosted.org/packages/b3/8f/705086c9d734d3b663af0e9bb3d4de6578d08f46b1b101c2442fd9aecaa2/win32_setctime-1.2.0.tar.gz", hash = "sha256:ae1fdf948f5640aae05c511ade119313fb6a30d7eabe25fef9764dca5873c4c0", size = 4867 }
wheels = [
    { url = "https://files.pythonhosted.org/packages/e1/07/c6fe3ad3e685340704d314d765b7912993bcb8dc198f0e7a89382d37974b/win32_setctime-1.2.0-py3-none-any.whl", hash = "sha256:95d644c4e708aba81dc3704a116d8cbc974d70b3bdb8be1d150e36be6e9d1390", size = 4083 },
]
